
Microsoft Visual Studio Solution File, Format Version 12.00
# Visual Studio Version 16
VisualStudioVersion = 16.0.30204.135
MinimumVisualStudioVersion = 10.0.40219.1
Project("{8BC9CEB8-8B4A-11D0-8D11-00A0C91BC942}") = "1", "1\1.vcxproj", "{46752CED-6F45-41D9-8DD9-DFEA96464381}"
EndProject
Project("{8BC9CEB8-8B4A-11D0-8D11-00A0C91BC942}") = "2", "2\2.vcxproj", "{18D2D73F-447C-4FFC-9442-1D4F7817069A}"
EndProject
Project("{8BC9CEB8-8B4A-11D0-8D11-00A0C91BC942}") = "3", "3\3.vcxproj", "{1FE5898F-C366-4049-A14C-683E1B54FD0A}"
EndProject
Project("{8BC9CEB8-8B4A-11D0-8D11-00A0C91BC942}") = "4", "4\4.vcxproj", "{17EC096B-CD6A-4E99-9FA9-B0F9236A5D61}"
EndProject
Project("{8BC9CEB8-8B4A-11D0-8D11-00A0C91BC942}") = "5", "5\5.vcxproj", "{EB4C7C9D-5627-4382-AD61-CF593302FDAC}"
EndProject
Project("{8BC9CEB8-8B4A-11D0-8D11-00A0C91BC942}") = "6", "6\6.vcxproj", "{0C260FF1-F371-492E-95EC-9FB3680416DC}"
EndProject
Project("{8BC9CEB8-8B4A-11D0-8D11-00A0C91BC942}") = "7", "7\7.vcxproj", "{2ADABF2E-0F0D-4CA2-9052-5EB22E867CE1}"
EndProject
Project("{8BC9CEB8-8B4A-11D0-8D11-00A0C91BC942}") = "8", "8\8.vcxproj", "{6CC3F379-016C-4F8B-B9D4-93922644CA27}"
EndProject
Global
	GlobalSection(SolutionConfigurationPlatforms) = preSolution
		Debug|x64 = Debug|x64
		Debug|x86 = Debug|x86
		Release|x64 = Release|x64
		Release|x86 = Release|x86
	EndGlobalSection
	GlobalSection(ProjectConfigurationPlatforms) = postSolution
		{46752CED-6F45-41D9-8DD9-DFEA96464381}.Debug|x64.ActiveCfg = Debug|x64
		{46752CED-6F45-41D9-8DD9-DFEA96464381}.Debug|x64.Build.0 = Debug|x64
		{46752CED-6F45-41D9-8DD9-DFEA96464381}.Debug|x86.ActiveCfg = Debug|Win32
		{46752CED-6F45-41D9-8DD9-DFEA96464381}.Debug|x86.Build.0 = Debug|Win32
		{46752CED-6F45-41D9-8DD9-DFEA96464381}.Release|x64.ActiveCfg = Release|x64
		{46752CED-6F45-41D9-8DD9-DFEA96464381}.Release|x64.Build.0 = Release|x64
		{46752CED-6F45-41D9-8DD9-DFEA96464381}.Release|x86.ActiveCfg = Release|Win32
		{46752CED-6F45-41D9-8DD9-DFEA96464381}.Release|x86.Build.0 = Release|Win32
		{18D2D73F-447C-4FFC-9442-1D4F7817069A}.Debug|x64.ActiveCfg = Debug|x64
		{18D2D73F-447C-4FFC-9442-1D4F7817069A}.Debug|x64.Build.0 = Debug|x64
		{18D2D73F-447C-4FFC-9442-1D4F7817069A}.Debug|x86.ActiveCfg = Debug|Win32
		{18D2D73F-447C-4FFC-9442-1D4F7817069A}.Debug|x86.Build.0 = Debug|Win32
		{18D2D73F-447C-4FFC-9442-1D4F7817069A}.Release|x64.ActiveCfg = Release|x64
		{18D2D73F-447C-4FFC-9442-1D4F7817069A}.Release|x64.Build.0 = Release|x64
		{18D2D73F-447C-4FFC-9442-1D4F7817069A}.Release|x86.ActiveCfg = Release|Win32
		{18D2D73F-447C-4FFC-9442-1D4F7817069A}.Release|x86.Build.0 = Release|Win32
		{1FE5898F-C366-4049-A14C-683E1B54FD0A}.Debug|x64.ActiveCfg = Debug|x64
		{1FE5898F-C366-4049-A14C-683E1B54FD0A}.Debug|x64.Build.0 = Debug|x64
		{1FE5898F-C366-4049-A14C-683E1B54FD0A}.Debug|x86.ActiveCfg = Debug|Win32
		{1FE5898F-C366-4049-A14C-683E1B54FD0A}.Debug|x86.Build.0 = Debug|Win32
		{1FE5898F-C366-4049-A14C-683E1B54FD0A}.Release|x64.ActiveCfg = Release|x64
		{1FE5898F-C366-4049-A14C-683E1B54FD0A}.Release|x64.Build.0 = Release|x64
		{1FE5898F-C366-4049-A14C-683E1B54FD0A}.Release|x86.ActiveCfg = Release|Win32
		{1FE5898F-C366-4049-A14C-683E1B54FD0A}.Release|x86.Build.0 = Release|Win32
		{17EC096B-CD6A-4E99-9FA9-B0F9236A5D61}.Debug|x64.ActiveCfg = Debug|x64
		{17EC096B-CD6A-4E99-9FA9-B0F9236A5D61}.Debug|x64.Build.0 = Debug|x64
		{17EC096B-CD6A-4E99-9FA9-B0F9236A5D61}.Debug|x86.ActiveCfg = Debug|Win32
		{17EC096B-CD6A-4E99-9FA9-B0F9236A5D61}.Debug|x86.Build.0 = Debug|Win32
		{17EC096B-CD6A-4E99-9FA9-B0F9236A5D61}.Release|x64.ActiveCfg = Release|x64
		{17EC096B-CD6A-4E99-9FA9-B0F9236A5D61}.Release|x64.Build.0 = Release|x64
		{17EC096B-CD6A-4E99-9FA9-B0F9236A5D61}.Release|x86.ActiveCfg = Release|Win32
		{17EC096B-CD6A-4E99-9FA9-B0F9236A5D61}.Release|x86.Build.0 = Release|Win32
		{EB4C7C9D-5627-4382-AD61-CF593302FDAC}.Debug|x64.ActiveCfg = Debug|x64
		{EB4C7C9D-5627-4382-AD61-CF593302FDAC}.Debug|x64.Build.0 = Debug|x64
		{EB4C7C9D-5627-4382-AD61-CF593302FDAC}.Debug|x86.ActiveCfg = Debug|Win32
		{EB4C7C9D-5627-4382-AD61-CF593302FDAC}.Debug|x86.Build.0 = Debug|Win32
		{EB4C7C9D-5627-4382-AD61-CF593302FDAC}.Release|x64.ActiveCfg = Release|x64
		{EB4C7C9D-5627-4382-AD61-CF593302FDAC}.Release|x64.Build.0 = Release|x64
		{EB4C7C9D-5627-4382-AD61-CF593302FDAC}.Release|x86.ActiveCfg = Release|Win32
		{EB4C7C9D-5627-4382-AD61-CF593302FDAC}.Release|x86.Build.0 = Release|Win32
		{0C260FF1-F371-492E-95EC-9FB3680416DC}.Debug|x64.ActiveCfg = Debug|x64
		{0C260FF1-F371-492E-95EC-9FB3680416DC}.Debug|x64.Build.0 = Debug|x64
		{0C260FF1-F371-492E-95EC-9FB3680416DC}.Debug|x86.ActiveCfg = Debug|Win32
		{0C260FF1-F371-492E-95EC-9FB3680416DC}.Debug|x86.Build.0 = Debug|Win32
		{0C260FF1-F371-492E-95EC-9FB3680416DC}.Release|x64.ActiveCfg = Release|x64
		{0C260FF1-F371-492E-95EC-9FB3680416DC}.Release|x64.Build.0 = Release|x64
		{0C260FF1-F371-492E-95EC-9FB3680416DC}.Release|x86.ActiveCfg = Release|Win32
		{0C260FF1-F371-492E-95EC-9FB3680416DC}.Release|x86.Build.0 = Release|Win32
		{2ADABF2E-0F0D-4CA2-9052-5EB22E867CE1}.Debug|x64.ActiveCfg = Debug|x64
		{2ADABF2E-0F0D-4CA2-9052-5EB22E867CE1}.Debug|x64.Build.0 = Debug|x64
		{2ADABF2E-0F0D-4CA2-9052-5EB22E867CE1}.Debug|x86.ActiveCfg = Debug|Win32
		{2ADABF2E-0F0D-4CA2-9052-5EB22E867CE1}.Debug|x86.Build.0 = Debug|Win32
		{2ADABF2E-0F0D-4CA2-9052-5EB22E867CE1}.Release|x64.ActiveCfg = Release|x64
		{2ADABF2E-0F0D-4CA2-9052-5EB22E867CE1}.Release|x64.Build.0 = Release|x64
		{2ADABF2E-0F0D-4CA2-9052-5EB22E867CE1}.Release|x86.ActiveCfg = Release|Win32
		{2ADABF2E-0F0D-4CA2-9052-5EB22E867CE1}.Release|x86.Build.0 = Release|Win32
		{6CC3F379-016C-4F8B-B9D4-93922644CA27}.Debug|x64.ActiveCfg = Debug|x64
		{6CC3F379-016C-4F8B-B9D4-93922644CA27}.Debug|x64.Build.0 = Debug|x64
		{6CC3F379-016C-4F8B-B9D4-93922644CA27}.Debug|x86.ActiveCfg = Debug|Win32
		{6CC3F379-016C-4F8B-B9D4-93922644CA27}.Debug|x86.Build.0 = Debug|Win32
		{6CC3F379-016C-4F8B-B9D4-93922644CA27}.Release|x64.ActiveCfg = Release|x64
		{6CC3F379-016C-4F8B-B9D4-93922644CA27}.Release|x64.Build.0 = Release|x64
		{6CC3F379-016C-4F8B-B9D4-93922644CA27}.Release|x86.ActiveCfg = Release|Win32
		{6CC3F379-016C-4F8B-B9D4-93922644CA27}.Release|x86.Build.0 = Release|Win32
	EndGlobalSection
	GlobalSection(SolutionProperties) = preSolution
		HideSolutionNode = FALSE
	EndGlobalSection
	GlobalSection(ExtensibilityGlobals) = postSolution
		SolutionGuid = {2D372D06-45E3-4720-801D-9B52980BC3B5}
	EndGlobalSection
EndGlobal
